
Microsoft Visual Studio Solution File, Format Version 12.00
# Visual Studio Version 16
VisualStudioVersion = 16.0.30204.135
MinimumVisualStudioVersion = 10.0.40219.1
Project("{FAE04EC0-301F-11D3-BF4B-00C04F79EFBC}") = "GiftsSite", "GiftsSite\GiftsSite.csproj", "{3FF48246-EAFD-421A-98AA-A15F3EB087A3}"
EndProject
Project("{FAE04EC0-301F-11D3-BF4B-00C04F79EFBC}") = "GiftsDal", "GiftsDal\GiftsDal.csproj", "{FB4769C7-81FD-436C-B325-D03CE8CCF9AD}"
EndProject
Project("{FAE04EC0-301F-11D3-BF4B-00C04F79EFBC}") = "GiftsEntity", "GiftsEntity\GiftsEntity.csproj", "{0AB8C443-C6BD-4403-B632-E93B7B306AE2}"
EndProject
Project("{FAE04EC0-301F-11D3-BF4B-00C04F79EFBC}") = "GiftsBL", "GiftsBL\GiftsBL.csproj", "{5C86DCBF-3801-4E14-B2E2-3DFB9E32D8F9}"
EndProject
Global
	GlobalSection(SolutionConfigurationPlatforms) = preSolution
		Debug|Any CPU = Debug|Any CPU
		Release|Any CPU = Release|Any CPU
	EndGlobalSection
	GlobalSection(ProjectConfigurationPlatforms) = postSolution
		{3FF48246-EAFD-421A-98AA-A15F3EB087A3}.Debug|Any CPU.ActiveCfg = Debug|Any CPU
		{3FF48246-EAFD-421A-98AA-A15F3EB087A3}.Debug|Any CPU.Build.0 = Debug|Any CPU
		{3FF48246-EAFD-421A-98AA-A15F3EB087A3}.Release|Any CPU.ActiveCfg = Release|Any CPU
		{3FF48246-EAFD-421A-98AA-A15F3EB087A3}.Release|Any CPU.Build.0 = Release|Any CPU
		{FB4769C7-81FD-436C-B325-D03CE8CCF9AD}.Debug|Any CPU.ActiveCfg = Debug|Any CPU
		{FB4769C7-81FD-436C-B325-D03CE8CCF9AD}.Debug|Any CPU.Build.0 = Debug|Any CPU
		{FB4769C7-81FD-436C-B325-D03CE8CCF9AD}.Release|Any CPU.ActiveCfg = Release|Any CPU
		{FB4769C7-81FD-436C-B325-D03CE8CCF9AD}.Release|Any CPU.Build.0 = Release|Any CPU
		{0AB8C443-C6BD-4403-B632-E93B7B306AE2}.Debug|Any CPU.ActiveCfg = Debug|Any CPU
		{0AB8C443-C6BD-4403-B632-E93B7B306AE2}.Debug|Any CPU.Build.0 = Debug|Any CPU
		{0AB8C443-C6BD-4403-B632-E93B7B306AE2}.Release|Any CPU.ActiveCfg = Release|Any CPU
		{0AB8C443-C6BD-4403-B632-E93B7B306AE2}.Release|Any CPU.Build.0 = Release|Any CPU
		{5C86DCBF-3801-4E14-B2E2-3DFB9E32D8F9}.Debug|Any CPU.ActiveCfg = Debug|Any CPU
		{5C86DCBF-3801-4E14-B2E2-3DFB9E32D8F9}.Debug|Any CPU.Build.0 = Debug|Any CPU
		{5C86DCBF-3801-4E14-B2E2-3DFB9E32D8F9}.Release|Any CPU.ActiveCfg = Release|Any CPU
		{5C86DCBF-3801-4E14-B2E2-3DFB9E32D8F9}.Release|Any CPU.Build.0 = Release|Any CPU
	EndGlobalSection
	GlobalSection(SolutionProperties) = preSolution
		HideSolutionNode = FALSE
	EndGlobalSection
	GlobalSection(ExtensibilityGlobals) = postSolution
		SolutionGuid = {2363D480-0B82-4822-ADB4-B306F87943D2}
	EndGlobalSection
EndGlobal
